// !$*UTF8*$!
{
	archiveVersion = 1;
	classes = {
	};
	objectVersion = 55;
	objects = {

/* Begin PBXBuildFile section */
		609A4B7927891D8000E0DE07 /* LoginViewController.swift in Sources */ = {isa = PBXBuildFile; fileRef = 609A4B7827891D8000E0DE07 /* LoginViewController.swift */; };
		609A4B7B27891DA900E0DE07 /* FeedViewController.swift in Sources */ = {isa = PBXBuildFile; fileRef = 609A4B7A27891DA900E0DE07 /* FeedViewController.swift */; };
		609A4B7D27892DAD00E0DE07 /* CameraViewController.swift in Sources */ = {isa = PBXBuildFile; fileRef = 609A4B7C27892DAC00E0DE07 /* CameraViewController.swift */; };
		609A4B7F2789910100E0DE07 /* PostCell.swift in Sources */ = {isa = PBXBuildFile; fileRef = 609A4B7E2789910100E0DE07 /* PostCell.swift */; };
		60B6E8CE279268AC002B620E /* CommentCell.swift in Sources */ = {isa = PBXBuildFile; fileRef = 60B6E8CD279268AC002B620E /* CommentCell.swift */; };
		60F7B8EE278910FE00BFA84F /* AppDelegate.swift in Sources */ = {isa = PBXBuildFile; fileRef = 60F7B8ED278910FE00BFA84F /* AppDelegate.swift */; };
		60F7B8F0278910FE00BFA84F /* SceneDelegate.swift in Sources */ = {isa = PBXBuildFile; fileRef = 60F7B8EF278910FE00BFA84F /* SceneDelegate.swift */; };
		60F7B8F5278910FE00BFA84F /* Main.storyboard in Resources */ = {isa = PBXBuildFile; fileRef = 60F7B8F3278910FE00BFA84F /* Main.storyboard */; };
		60F7B8F72789110000BFA84F /* Assets.xcassets in Resources */ = {isa = PBXBuildFile; fileRef = 60F7B8F62789110000BFA84F /* Assets.xcassets */; };
		60F7B8FA2789110000BFA84F /* LaunchScreen.storyboard in Resources */ = {isa = PBXBuildFile; fileRef = 60F7B8F82789110000BFA84F /* LaunchScreen.storyboard */; };
		60F7B9052789110000BFA84F /* InstagramTests.swift in Sources */ = {isa = PBXBuildFile; fileRef = 60F7B9042789110000BFA84F /* InstagramTests.swift */; };
		60F7B90F2789110000BFA84F /* InstagramUITests.swift in Sources */ = {isa = PBXBuildFile; fileRef = 60F7B90E2789110000BFA84F /* InstagramUITests.swift */; };
		60F7B9112789110000BFA84F /* InstagramUITestsLaunchTests.swift in Sources */ = {isa = PBXBuildFile; fileRef = 60F7B9102789110000BFA84F /* InstagramUITestsLaunchTests.swift */; };
		6975FB41CED5FFDC5BC1C274 /* Pods_InstagramTests.framework in Frameworks */ = {isa = PBXBuildFile; fileRef = EBFE93C962044061C8C3EA10 /* Pods_InstagramTests.framework */; };
		7BE346953C46687BD29A039A /* Pods_Instagram_InstagramUITests.framework in Frameworks */ = {isa = PBXBuildFile; fileRef = 63F391C155B58B0B5B81EA41 /* Pods_Instagram_InstagramUITests.framework */; };
		AFC9AA5527E13CEF4D3D3DF5 /* Pods_Instagram.framework in Frameworks */ = {isa = PBXBuildFile; fileRef = 66A314EDB043B9B8729C6354 /* Pods_Instagram.framework */; };
/* End PBXBuildFile section */

/* Begin PBXContainerItemProxy section */
		60F7B9012789110000BFA84F /* PBXContainerItemProxy */ = {
			isa = PBXContainerItemProxy;
			containerPortal = 60F7B8E2278910FE00BFA84F /* Project object */;
			proxyType = 1;
			remoteGlobalIDString = 60F7B8E9278910FE00BFA84F;
			remoteInfo = Instagram;
		};
		60F7B90B2789110000BFA84F /* PBXContainerItemProxy */ = {
			isa = PBXContainerItemProxy;
			containerPortal = 60F7B8E2278910FE00BFA84F /* Project object */;
			proxyType = 1;
			remoteGlobalIDString = 60F7B8E9278910FE00BFA84F;
			remoteInfo = Instagram;
		};
/* End PBXContainerItemProxy section */

/* Begin PBXFileReference section */
		1058A2823469FABE40D13EE9 /* Pods-Instagram.debug.xcconfig */ = {isa = PBXFileReference; includeInIndex = 1; lastKnownFileType = text.xcconfig; name = "Pods-Instagram.debug.xcconfig"; path = "Target Support Files/Pods-Instagram/Pods-Instagram.debug.xcconfig"; sourceTree = "<group>"; };
		1D327582110C1B004384A95E /* Pods-Instagram-InstagramUITests.release.xcconfig */ = {isa = PBXFileReference; includeInIndex = 1; lastKnownFileType = text.xcconfig; name = "Pods-Instagram-InstagramUITests.release.xcconfig"; path = "Target Support Files/Pods-Instagram-InstagramUITests/Pods-Instagram-InstagramUITests.release.xcconfig"; sourceTree = "<group>"; };
		604AFCF4601FDB2B0539543F /* Pods-InstagramTests.debug.xcconfig */ = {isa = PBXFileReference; includeInIndex = 1; lastKnownFileType = text.xcconfig; name = "Pods-InstagramTests.debug.xcconfig"; path = "Target Support Files/Pods-InstagramTests/Pods-InstagramTests.debug.xcconfig"; sourceTree = "<group>"; };
		609A4B7827891D8000E0DE07 /* LoginViewController.swift */ = {isa = PBXFileReference; lastKnownFileType = sourcecode.swift; path = LoginViewController.swift; sourceTree = "<group>"; };
		609A4B7A27891DA900E0DE07 /* FeedViewController.swift */ = {isa = PBXFileReference; lastKnownFileType = sourcecode.swift; path = FeedViewController.swift; sourceTree = "<group>"; };
		609A4B7C27892DAC00E0DE07 /* CameraViewController.swift */ = {isa = PBXFileReference; lastKnownFileType = sourcecode.swift; path = CameraViewController.swift; sourceTree = "<group>"; };
		609A4B7E2789910100E0DE07 /* PostCell.swift */ = {isa = PBXFileReference; lastKnownFileType = sourcecode.swift; path = PostCell.swift; sourceTree = "<group>"; };
		60B6E8CD279268AC002B620E /* CommentCell.swift */ = {isa = PBXFileReference; lastKnownFileType = sourcecode.swift; path = CommentCell.swift; sourceTree = "<group>"; };
		60F7B8EA278910FE00BFA84F /* Instagram.app */ = {isa = PBXFileReference; explicitFileType = wrapper.application; includeInIndex = 0; path = Instagram.app; sourceTree = BUILT_PRODUCTS_DIR; };
		60F7B8ED278910FE00BFA84F /* AppDelegate.swift */ = {isa = PBXFileReference; lastKnownFileType = sourcecode.swift; path = AppDelegate.swift; sourceTree = "<group>"; };
		60F7B8EF278910FE00BFA84F /* SceneDelegate.swift */ = {isa = PBXFileReference; lastKnownFileType = sourcecode.swift; path = SceneDelegate.swift; sourceTree = "<group>"; };
		60F7B8F4278910FE00BFA84F /* Base */ = {isa = PBXFileReference; lastKnownFileType = file.storyboard; name = Base; path = Base.lproj/Main.storyboard; sourceTree = "<group>"; };
		60F7B8F62789110000BFA84F /* Assets.xcassets */ = {isa = PBXFileReference; lastKnownFileType = folder.assetcatalog; path = Assets.xcassets; sourceTree = "<group>"; };
		60F7B8F92789110000BFA84F /* Base */ = {isa = PBXFileReference; lastKnownFileType = file.storyboard; name = Base; path = Base.lproj/LaunchScreen.storyboard; sourceTree = "<group>"; };
		60F7B8FB2789110000BFA84F /* Info.plist */ = {isa = PBXFileReference; lastKnownFileType = text.plist.xml; path = Info.plist; sourceTree = "<group>"; };
		60F7B9002789110000BFA84F /* InstagramTests.xctest */ = {isa = PBXFileReference; explicitFileType = wrapper.cfbundle; includeInIndex = 0; path = InstagramTests.xctest; sourceTree = BUILT_PRODUCTS_DIR; };
		60F7B9042789110000BFA84F /* InstagramTests.swift */ = {isa = PBXFileReference; lastKnownFileType = sourcecode.swift; path = InstagramTests.swift; sourceTree = "<group>"; };
		60F7B90A2789110000BFA84F /* InstagramUITests.xctest */ = {isa = PBXFileReference; explicitFileType = wrapper.cfbundle; includeInIndex = 0; path = InstagramUITests.xctest; sourceTree = BUILT_PRODUCTS_DIR; };
		60F7B90E2789110000BFA84F /* InstagramUITests.swift */ = {isa = PBXFileReference; lastKnownFileType = sourcecode.swift; path = InstagramUITests.swift; sourceTree = "<group>"; };
		60F7B9102789110000BFA84F /* InstagramUITestsLaunchTests.swift */ = {isa = PBXFileReference; lastKnownFileType = sourcecode.swift; path = InstagramUITestsLaunchTests.swift; sourceTree = "<group>"; };
		63F391C155B58B0B5B81EA41 /* Pods_Instagram_InstagramUITests.framework */ = {isa = PBXFileReference; explicitFileType = wrapper.framework; includeInIndex = 0; path = Pods_Instagram_InstagramUITests.framework; sourceTree = BUILT_PRODUCTS_DIR; };
		66A314EDB043B9B8729C6354 /* Pods_Instagram.framework */ = {isa = PBXFileReference; explicitFileType = wrapper.framework; includeInIndex = 0; path = Pods_Instagram.framework; sourceTree = BUILT_PRODUCTS_DIR; };
		71266617B5D97EC2470B6C62 /* Pods-InstagramTests.release.xcconfig */ = {isa = PBXFileReference; includeInIndex = 1; lastKnownFileType = text.xcconfig; name = "Pods-InstagramTests.release.xcconfig"; path = "Target Support Files/Pods-InstagramTests/Pods-InstagramTests.release.xcconfig"; sourceTree = "<group>"; };
		B9E15A53C2FE74155A2B3BF2 /* Pods-Instagram.release.xcconfig */ = {isa = PBXFileReference; includeInIndex = 1; lastKnownFileType = text.xcconfig; name = "Pods-Instagram.release.xcconfig"; path = "Target Support Files/Pods-Instagram/Pods-Instagram.release.xcconfig"; sourceTree = "<group>"; };
		D13CF07DDCFF2C24C8A70E48 /* Pods-Instagram-InstagramUITests.debug.xcconfig */ = {isa = PBXFileReference; includeInIndex = 1; lastKnownFileType = text.xcconfig; name = "Pods-Instagram-InstagramUITests.debug.xcconfig"; path = "Target Support Files/Pods-Instagram-InstagramUITests/Pods-Instagram-InstagramUITests.debug.xcconfig"; sourceTree = "<group>"; };
		EBFE93C962044061C8C3EA10 /* Pods_InstagramTests.framework */ = {isa = PBXFileReference; explicitFileType = wrapper.framework; includeInIndex = 0; path = Pods_InstagramTests.framework; sourceTree = BUILT_PRODUCTS_DIR; };
/* End PBXFileReference section */

/* Begin PBXFrameworksBuildPhase section */
		60F7B8E7278910FE00BFA84F /* Frameworks */ = {
			isa = PBXFrameworksBuildPhase;
			buildActionMask = 2147483647;
			files = (
				AFC9AA5527E13CEF4D3D3DF5 /* Pods_Instagram.framework in Frameworks */,
			);
			runOnlyForDeploymentPostprocessing = 0;
		};
		60F7B8FD2789110000BFA84F /* Frameworks */ = {
			isa = PBXFrameworksBuildPhase;
			buildActionMask = 2147483647;
			files = (
				6975FB41CED5FFDC5BC1C274 /* Pods_InstagramTests.framework in Frameworks */,
			);
			runOnlyForDeploymentPostprocessing = 0;
		};
		60F7B9072789110000BFA84F /* Frameworks */ = {
			isa = PBXFrameworksBuildPhase;
			buildActionMask = 2147483647;
			files = (
				7BE346953C46687BD29A039A /* Pods_Instagram_InstagramUITests.framework in Frameworks */,
			);
			runOnlyForDeploymentPostprocessing = 0;
		};
/* End PBXFrameworksBuildPhase section */

/* Begin PBXGroup section */
		60F7B8E1278910FE00BFA84F = {
			isa = PBXGroup;
			children = (
				60F7B8EC278910FE00BFA84F /* Instagram */,
				60F7B9032789110000BFA84F /* InstagramTests */,
				60F7B90D2789110000BFA84F /* InstagramUITests */,
				60F7B8EB278910FE00BFA84F /* Products */,
				D852EFCB9A620A54C2EBF033 /* Pods */,
				CF66C7ABD146C60FB1E2840A /* Frameworks */,
			);
			sourceTree = "<group>";
		};
		60F7B8EB278910FE00BFA84F /* Products */ = {
			isa = PBXGroup;
			children = (
				60F7B8EA278910FE00BFA84F /* Instagram.app */,
				60F7B9002789110000BFA84F /* InstagramTests.xctest */,
				60F7B90A2789110000BFA84F /* InstagramUITests.xctest */,
			);
			name = Products;
			sourceTree = "<group>";
		};
		60F7B8EC278910FE00BFA84F /* Instagram */ = {
			isa = PBXGroup;
			children = (
				60F7B8ED278910FE00BFA84F /* AppDelegate.swift */,
				60F7B8EF278910FE00BFA84F /* SceneDelegate.swift */,
				60F7B8F3278910FE00BFA84F /* Main.storyboard */,
				60B6E8CD279268AC002B620E /* CommentCell.swift */,
				609A4B7E2789910100E0DE07 /* PostCell.swift */,
				60F7B8F62789110000BFA84F /* Assets.xcassets */,
				60F7B8F82789110000BFA84F /* LaunchScreen.storyboard */,
				60F7B8FB2789110000BFA84F /* Info.plist */,
				609A4B7827891D8000E0DE07 /* LoginViewController.swift */,
				609A4B7A27891DA900E0DE07 /* FeedViewController.swift */,
				609A4B7C27892DAC00E0DE07 /* CameraViewController.swift */,
			);
			path = Instagram;
			sourceTree = "<group>";
		};
		60F7B9032789110000BFA84F /* InstagramTests */ = {
			isa = PBXGroup;
			children = (
				60F7B9042789110000BFA84F /* InstagramTests.swift */,
			);
			path = InstagramTests;
			sourceTree = "<group>";
		};
		60F7B90D2789110000BFA84F /* InstagramUITests */ = {
			isa = PBXGroup;
			children = (
				60F7B90E2789110000BFA84F /* InstagramUITests.swift */,
				60F7B9102789110000BFA84F /* InstagramUITestsLaunchTests.swift */,
			);
			path = InstagramUITests;
			sourceTree = "<group>";
		};
		CF66C7ABD146C60FB1E2840A /* Frameworks */ = {
			isa = PBXGroup;
			children = (
				66A314EDB043B9B8729C6354 /* Pods_Instagram.framework */,
				63F391C155B58B0B5B81EA41 /* Pods_Instagram_InstagramUITests.framework */,
				EBFE93C962044061C8C3EA10 /* Pods_InstagramTests.framework */,
			);
			name = Frameworks;
			sourceTree = "<group>";
		};
		D852EFCB9A620A54C2EBF033 /* Pods */ = {
			isa = PBXGroup;
			children = (
				1058A2823469FABE40D13EE9 /* Pods-Instagram.debug.xcconfig */,
				B9E15A53C2FE74155A2B3BF2 /* Pods-Instagram.release.xcconfig */,
				D13CF07DDCFF2C24C8A70E48 /* Pods-Instagram-InstagramUITests.debug.xcconfig */,
				1D327582110C1B004384A95E /* Pods-Instagram-InstagramUITests.release.xcconfig */,
				604AFCF4601FDB2B0539543F /* Pods-InstagramTests.debug.xcconfig */,
				71266617B5D97EC2470B6C62 /* Pods-InstagramTests.release.xcconfig */,
			);
			path = Pods;
			sourceTree = "<group>";
		};
/* End PBXGroup section */

/* Begin PBXNativeTarget section */
		60F7B8E9278910FE00BFA84F /* Instagram */ = {
			isa = PBXNativeTarget;
			buildConfigurationList = 60F7B9142789110000BFA84F /* Build configuration list for PBXNativeTarget "Instagram" */;
			buildPhases = (
				974EC0BA1FE9C1A819AB1F40 /* [CP] Check Pods Manifest.lock */,
				60F7B8E6278910FE00BFA84F /* Sources */,
				60F7B8E7278910FE00BFA84F /* Frameworks */,
				60F7B8E8278910FE00BFA84F /* Resources */,
				08E3A8C62D03781D294F76D1 /* [CP] Embed Pods Frameworks */,
			);
			buildRules = (
			);
			dependencies = (
			);
			name = Instagram;
			productName = Instagram;
			productReference = 60F7B8EA278910FE00BFA84F /* Instagram.app */;
			productType = "com.apple.product-type.application";
		};
		60F7B8FF2789110000BFA84F /* InstagramTests */ = {
			isa = PBXNativeTarget;
			buildConfigurationList = 60F7B9172789110000BFA84F /* Build configuration list for PBXNativeTarget "InstagramTests" */;
			buildPhases = (
				9B61F48A768F07392EF2A32B /* [CP] Check Pods Manifest.lock */,
				60F7B8FC2789110000BFA84F /* Sources */,
				60F7B8FD2789110000BFA84F /* Frameworks */,
				60F7B8FE2789110000BFA84F /* Resources */,
			);
			buildRules = (
			);
			dependencies = (
				60F7B9022789110000BFA84F /* PBXTargetDependency */,
			);
			name = InstagramTests;
			productName = InstagramTests;
			productReference = 60F7B9002789110000BFA84F /* InstagramTests.xctest */;
			productType = "com.apple.product-type.bundle.unit-test";
		};
		60F7B9092789110000BFA84F /* InstagramUITests */ = {
			isa = PBXNativeTarget;
			buildConfigurationList = 60F7B91A2789110000BFA84F /* Build configuration list for PBXNativeTarget "InstagramUITests" */;
			buildPhases = (
				006497C2F2DF3E97E00A6F25 /* [CP] Check Pods Manifest.lock */,
				60F7B9062789110000BFA84F /* Sources */,
				60F7B9072789110000BFA84F /* Frameworks */,
				60F7B9082789110000BFA84F /* Resources */,
				FB09DEFB32077A2081476F4E /* [CP] Embed Pods Frameworks */,
			);
			buildRules = (
			);
			dependencies = (
				60F7B90C2789110000BFA84F /* PBXTargetDependency */,
			);
			name = InstagramUITests;
			productName = InstagramUITests;
			productReference = 60F7B90A2789110000BFA84F /* InstagramUITests.xctest */;
			productType = "com.apple.product-type.bundle.ui-testing";
		};
/* End PBXNativeTarget section */

/* Begin PBXProject section */
		60F7B8E2278910FE00BFA84F /* Project object */ = {
			isa = PBXProject;
			attributes = {
				BuildIndependentTargetsInParallel = 1;
				LastSwiftUpdateCheck = 1310;
				LastUpgradeCheck = 1310;
				TargetAttributes = {
					60F7B8E9278910FE00BFA84F = {
						CreatedOnToolsVersion = 13.1;
					};
					60F7B8FF2789110000BFA84F = {
						CreatedOnToolsVersion = 13.1;
						TestTargetID = 60F7B8E9278910FE00BFA84F;
					};
					60F7B9092789110000BFA84F = {
						CreatedOnToolsVersion = 13.1;
						TestTargetID = 60F7B8E9278910FE00BFA84F;
					};
				};
			};
			buildConfigurationList = 60F7B8E5278910FE00BFA84F /* Build configuration list for PBXProject "Instagram" */;
			compatibilityVersion = "Xcode 13.0";
			developmentRegion = en;
			hasScannedForEncodings = 0;
			knownRegions = (
				en,
				Base,
			);
			mainGroup = 60F7B8E1278910FE00BFA84F;
			productRefGroup = 60F7B8EB278910FE00BFA84F /* Products */;
			projectDirPath = "";
			projectRoot = "";
			targets = (
				60F7B8E9278910FE00BFA84F /* Instagram */,
				60F7B8FF2789110000BFA84F /* InstagramTests */,
				60F7B9092789110000BFA84F /* InstagramUITests */,
			);
		};
/* End PBXProject section */

/* Begin PBXResourcesBuildPhase section */
		60F7B8E8278910FE00BFA84F /* Resources */ = {
			isa = PBXResourcesBuildPhase;
			buildActionMask = 2147483647;
			files = (
				60F7B8FA2789110000BFA84F /* LaunchScreen.storyboard in Resources */,
				60F7B8F72789110000BFA84F /* Assets.xcassets in Resources */,
				60F7B8F5278910FE00BFA84F /* Main.storyboard in Resources */,
			);
			runOnlyForDeploymentPostprocessing = 0;
		};
		60F7B8FE2789110000BFA84F /* Resources */ = {
			isa = PBXResourcesBuildPhase;
			buildActionMask = 2147483647;
			files = (
			);
			runOnlyForDeploymentPostprocessing = 0;
		};
		60F7B9082789110000BFA84F /* Resources */ = {
			isa = PBXResourcesBuildPhase;
			buildActionMask = 2147483647;
			files = (
			);
			runOnlyForDeploymentPostprocessing = 0;
		};
/* End PBXResourcesBuildPhase section */

/* Begin PBXShellScriptBuildPhase section */
		006497C2F2DF3E97E00A6F25 /* [CP] Check Pods Manifest.lock */ = {
			isa = PBXShellScriptBuildPhase;
			buildActionMask = 2147483647;
			files = (
			);
			inputFileListPaths = (
			);
			inputPaths = (
				"${PODS_PODFILE_DIR_PATH}/Podfile.lock",
				"${PODS_ROOT}/Manifest.lock",
			);
			name = "[CP] Check Pods Manifest.lock";
			outputFileListPaths = (
			);
			outputPaths = (
				"$(DERIVED_FILE_DIR)/Pods-Instagram-InstagramUITests-checkManifestLockResult.txt",
			);
			runOnlyForDeploymentPostprocessing = 0;
			shellPath = /bin/sh;
			shellScript = "diff \"${PODS_PODFILE_DIR_PATH}/Podfile.lock\" \"${PODS_ROOT}/Manifest.lock\" > /dev/null\nif [ $? != 0 ] ; then\n    # print error to STDERR\n    echo \"error: The sandbox is not in sync with the Podfile.lock. Run 'pod install' or update your CocoaPods installation.\" >&2\n    exit 1\nfi\n# This output is used by Xcode 'outputs' to avoid re-running this script phase.\necho \"SUCCESS\" > \"${SCRIPT_OUTPUT_FILE_0}\"\n";
			showEnvVarsInLog = 0;
		};
		08E3A8C62D03781D294F76D1 /* [CP] Embed Pods Frameworks */ = {
			isa = PBXShellScriptBuildPhase;
			buildActionMask = 2147483647;
			files = (
			);
			inputFileListPaths = (
				"${PODS_ROOT}/Target Support Files/Pods-Instagram/Pods-Instagram-frameworks-${CONFIGURATION}-input-files.xcfilelist",
			);
			name = "[CP] Embed Pods Frameworks";
			outputFileListPaths = (
				"${PODS_ROOT}/Target Support Files/Pods-Instagram/Pods-Instagram-frameworks-${CONFIGURATION}-output-files.xcfilelist",
			);
			runOnlyForDeploymentPostprocessing = 0;
			shellPath = /bin/sh;
			shellScript = "\"${PODS_ROOT}/Target Support Files/Pods-Instagram/Pods-Instagram-frameworks.sh\"\n";
			showEnvVarsInLog = 0;
		};
		974EC0BA1FE9C1A819AB1F40 /* [CP] Check Pods Manifest.lock */ = {
			isa = PBXShellScriptBuildPhase;
			buildActionMask = 2147483647;
			files = (
			);
			inputFileListPaths = (
			);
			inputPaths = (
				"${PODS_PODFILE_DIR_PATH}/Podfile.lock",
				"${PODS_ROOT}/Manifest.lock",
			);
			name = "[CP] Check Pods Manifest.lock";
			outputFileListPaths = (
			);
			outputPaths = (
				"$(DERIVED_FILE_DIR)/Pods-Instagram-checkManifestLockResult.txt",
			);
			runOnlyForDeploymentPostprocessing = 0;
			shellPath = /bin/sh;
			shellScript = "diff \"${PODS_PODFILE_DIR_PATH}/Podfile.lock\" \"${PODS_ROOT}/Manifest.lock\" > /dev/null\nif [ $? != 0 ] ; then\n    # print error to STDERR\n    echo \"error: The sandbox is not in sync with the Podfile.lock. Run 'pod install' or update your CocoaPods installation.\" >&2\n    exit 1\nfi\n# This output is used by Xcode 'outputs' to avoid re-running this script phase.\necho \"SUCCESS\" > \"${SCRIPT_OUTPUT_FILE_0}\"\n";
			showEnvVarsInLog = 0;
		};
		9B61F48A768F07392EF2A32B /* [CP] Check Pods Manifest.lock */ = {
			isa = PBXShellScriptBuildPhase;
			buildActionMask = 2147483647;
			files = (
			);
			inputFileListPaths = (
			);
			inputPaths = (
				"${PODS_PODFILE_DIR_PATH}/Podfile.lock",
				"${PODS_ROOT}/Manifest.lock",
			);
			name = "[CP] Check Pods Manifest.lock";
			outputFileListPaths = (
			);
			outputPaths = (
				"$(DERIVED_FILE_DIR)/Pods-InstagramTests-checkManifestLockResult.txt",
			);
			runOnlyForDeploymentPostprocessing = 0;
			shellPath = /bin/sh;
			shellScript = "diff \"${PODS_PODFILE_DIR_PATH}/Podfile.lock\" \"${PODS_ROOT}/Manifest.lock\" > /dev/null\nif [ $? != 0 ] ; then\n    # print error to STDERR\n    echo \"error: The sandbox is not in sync with the Podfile.lock. Run 'pod install' or update your CocoaPods installation.\" >&2\n    exit 1\nfi\n# This output is used by Xcode 'outputs' to avoid re-running this script phase.\necho \"SUCCESS\" > \"${SCRIPT_OUTPUT_FILE_0}\"\n";
			showEnvVarsInLog = 0;
		};
		FB09DEFB32077A2081476F4E /* [CP] Embed Pods Frameworks */ = {
			isa = PBXShellScriptBuildPhase;
			buildActionMask = 2147483647;
			files = (
			);
			inputFileListPaths = (
				"${PODS_ROOT}/Target Support Files/Pods-Instagram-InstagramUITests/Pods-Instagram-InstagramUITests-frameworks-${CONFIGURATION}-input-files.xcfilelist",
			);
			name = "[CP] Embed Pods Frameworks";
			outputFileListPaths = (
				"${PODS_ROOT}/Target Support Files/Pods-Instagram-InstagramUITests/Pods-Instagram-InstagramUITests-frameworks-${CONFIGURATION}-output-files.xcfilelist",
			);
			runOnlyForDeploymentPostprocessing = 0;
			shellPath = /bin/sh;
			shellScript = "\"${PODS_ROOT}/Target Support Files/Pods-Instagram-InstagramUITests/Pods-Instagram-InstagramUITests-frameworks.sh\"\n";
			showEnvVarsInLog = 0;
		};
/* End PBXShellScriptBuildPhase section */

/* Begin PBXSourcesBuildPhase section */
		60F7B8E6278910FE00BFA84F /* Sources */ = {
			isa = PBXSourcesBuildPhase;
			buildActionMask = 2147483647;
			files = (
				609A4B7927891D8000E0DE07 /* LoginViewController.swift in Sources */,
				609A4B7D27892DAD00E0DE07 /* CameraViewController.swift in Sources */,
				60F7B8EE278910FE00BFA84F /* AppDelegate.swift in Sources */,
				609A4B7B27891DA900E0DE07 /* FeedViewController.swift in Sources */,
				60F7B8F0278910FE00BFA84F /* SceneDelegate.swift in Sources */,
				609A4B7F2789910100E0DE07 /* PostCell.swift in Sources */,
				60B6E8CE279268AC002B620E /* CommentCell.swift in Sources */,
			);
			runOnlyForDeploymentPostprocessing = 0;
		};
		60F7B8FC2789110000BFA84F /* Sources */ = {
			isa = PBXSourcesBuildPhase;
			buildActionMask = 2147483647;
			files = (
				60F7B9052789110000BFA84F /* InstagramTests.swift in Sources */,
			);
			runOnlyForDeploymentPostprocessing = 0;
		};
		60F7B9062789110000BFA84F /* Sources */ = {
			isa = PBXSourcesBuildPhase;
			buildActionMask = 2147483647;
			files = (
				60F7B90F2789110000BFA84F /* InstagramUITests.swift in Sources */,
				60F7B9112789110000BFA84F /* InstagramUITestsLaunchTests.swift in Sources */,
			);
			runOnlyForDeploymentPostprocessing = 0;
		};
/* End PBXSourcesBuildPhase section */

/* Begin PBXTargetDependency section */
		60F7B9022789110000BFA84F /* PBXTargetDependency */ = {
			isa = PBXTargetDependency;
			target = 60F7B8E9278910FE00BFA84F /* Instagram */;
			targetProxy = 60F7B9012789110000BFA84F /* PBXContainerItemProxy */;
		};
		60F7B90C2789110000BFA84F /* PBXTargetDependency */ = {
			isa = PBXTargetDependency;
			target = 60F7B8E9278910FE00BFA84F /* Instagram */;
			targetProxy = 60F7B90B2789110000BFA84F /* PBXContainerItemProxy */;
		};
/* End PBXTargetDependency section */

/* Begin PBXVariantGroup section */
		60F7B8F3278910FE00BFA84F /* Main.storyboard */ = {
			isa = PBXVariantGroup;
			children = (
				60F7B8F4278910FE00BFA84F /* Base */,
			);
			name = Main.storyboard;
			sourceTree = "<group>";
		};
		60F7B8F82789110000BFA84F /* LaunchScreen.storyboard */ = {
			isa = PBXVariantGroup;
			children = (
				60F7B8F92789110000BFA84F /* Base */,
			);
			name = LaunchScreen.storyboard;
			sourceTree = "<group>";
		};
/* End PBXVariantGroup section */

/* Begin XCBuildConfiguration section */
		60F7B9122789110000BFA84F /* Debug */ = {
			isa = XCBuildConfiguration;
			buildSettings = {
				ALWAYS_SEARCH_USER_PATHS = NO;
				CLANG_ANALYZER_NONNULL = YES;
				CLANG_ANALYZER_NUMBER_OBJECT_CONVERSION = YES_AGGRESSIVE;
				CLANG_CXX_LANGUAGE_STANDARD = "gnu++17";
				CLANG_CXX_LIBRARY = "libc++";
				CLANG_ENABLE_MODULES = YES;
				CLANG_ENABLE_OBJC_ARC = YES;
				CLANG_ENABLE_OBJC_WEAK = YES;
				CLANG_WARN_BLOCK_CAPTURE_AUTORELEASING = YES;
				CLANG_WARN_BOOL_CONVERSION = YES;
				CLANG_WARN_COMMA = YES;
				CLANG_WARN_CONSTANT_CONVERSION = YES;
				CLANG_WARN_DEPRECATED_OBJC_IMPLEMENTATIONS = YES;
				CLANG_WARN_DIRECT_OBJC_ISA_USAGE = YES_ERROR;
				CLANG_WARN_DOCUMENTATION_COMMENTS = YES;
				CLANG_WARN_EMPTY_BODY = YES;
				CLANG_WARN_ENUM_CONVERSION = YES;
				CLANG_WARN_INFINITE_RECURSION = YES;
				CLANG_WARN_INT_CONVERSION = YES;
				CLANG_WARN_NON_LITERAL_NULL_CONVERSION = YES;
				CLANG_WARN_OBJC_IMPLICIT_RETAIN_SELF = YES;
				CLANG_WARN_OBJC_LITERAL_CONVERSION = YES;
				CLANG_WARN_OBJC_ROOT_CLASS = YES_ERROR;
				CLANG_WARN_QUOTED_INCLUDE_IN_FRAMEWORK_HEADER = YES;
				CLANG_WARN_RANGE_LOOP_ANALYSIS = YES;
				CLANG_WARN_STRICT_PROTOTYPES = YES;
				CLANG_WARN_SUSPICIOUS_MOVE = YES;
				CLANG_WARN_UNGUARDED_AVAILABILITY = YES_AGGRESSIVE;
				CLANG_WARN_UNREACHABLE_CODE = YES;
				CLANG_WARN__DUPLICATE_METHOD_MATCH = YES;
				COPY_PHASE_STRIP = NO;
				DEBUG_INFORMATION_FORMAT = dwarf;
				ENABLE_STRICT_OBJC_MSGSEND = YES;
				ENABLE_TESTABILITY = YES;
				GCC_C_LANGUAGE_STANDARD = gnu11;
				GCC_DYNAMIC_NO_PIC = NO;
				GCC_NO_COMMON_BLOCKS = YES;
				GCC_OPTIMIZATION_LEVEL = 0;
				GCC_PREPROCESSOR_DEFINITIONS = (
					"DEBUG=1",
					"$(inherited)",
				);
				GCC_WARN_64_TO_32_BIT_CONVERSION = YES;
				GCC_WARN_ABOUT_RETURN_TYPE = YES_ERROR;
				GCC_WARN_UNDECLARED_SELECTOR = YES;
				GCC_WARN_UNINITIALIZED_AUTOS = YES_AGGRESSIVE;
				GCC_WARN_UNUSED_FUNCTION = YES;
				GCC_WARN_UNUSED_VARIABLE = YES;
				IPHONEOS_DEPLOYMENT_TARGET = 15.0;
				MTL_ENABLE_DEBUG_INFO = INCLUDE_SOURCE;
				MTL_FAST_MATH = YES;
				ONLY_ACTIVE_ARCH = YES;
				SDKROOT = iphoneos;
				SWIFT_ACTIVE_COMPILATION_CONDITIONS = DEBUG;
				SWIFT_OPTIMIZATION_LEVEL = "-Onone";
			};
			name = Debug;
		};
		60F7B9132789110000BFA84F /* Release */ = {
			isa = XCBuildConfiguration;
			buildSettings = {
				ALWAYS_SEARCH_USER_PATHS = NO;
				CLANG_ANALYZER_NONNULL = YES;
				CLANG_ANALYZER_NUMBER_OBJECT_CONVERSION = YES_AGGRESSIVE;
				CLANG_CXX_LANGUAGE_STANDARD = "gnu++17";
				CLANG_CXX_LIBRARY = "libc++";
				CLANG_ENABLE_MODULES = YES;
				CLANG_ENABLE_OBJC_ARC = YES;
				CLANG_ENABLE_OBJC_WEAK = YES;
				CLANG_WARN_BLOCK_CAPTURE_AUTORELEASING = YES;
				CLANG_WARN_BOOL_CONVERSION = YES;
				CLANG_WARN_COMMA = YES;
				CLANG_WARN_CONSTANT_CONVERSION = YES;
				CLANG_WARN_DEPRECATED_OBJC_IMPLEMENTATIONS = YES;
				CLANG_WARN_DIRECT_OBJC_ISA_USAGE = YES_ERROR;
				CLANG_WARN_DOCUMENTATION_COMMENTS = YES;
				CLANG_WARN_EMPTY_BODY = YES;
				CLANG_WARN_ENUM_CONVERSION = YES;
				CLANG_WARN_INFINITE_RECURSION = YES;
				CLANG_WARN_INT_CONVERSION = YES;
				CLANG_WARN_NON_LITERAL_NULL_CONVERSION = YES;
				CLANG_WARN_OBJC_IMPLICIT_RETAIN_SELF = YES;
				CLANG_WARN_OBJC_LITERAL_CONVERSION = YES;
				CLANG_WARN_OBJC_ROOT_CLASS = YES_ERROR;
				CLANG_WARN_QUOTED_INCLUDE_IN_FRAMEWORK_HEADER = YES;
				CLANG_WARN_RANGE_LOOP_ANALYSIS = YES;
				CLANG_WARN_STRICT_PROTOTYPES = YES;
				CLANG_WARN_SUSPICIOUS_MOVE = YES;
				CLANG_WARN_UNGUARDED_AVAILABILITY = YES_AGGRESSIVE;
				CLANG_WARN_UNREACHABLE_CODE = YES;
				CLANG_WARN__DUPLICATE_METHOD_MATCH = YES;
				COPY_PHASE_STRIP = NO;
				DEBUG_INFORMATION_FORMAT = "dwarf-with-dsym";
				ENABLE_NS_ASSERTIONS = NO;
				ENABLE_STRICT_OBJC_MSGSEND = YES;
				GCC_C_LANGUAGE_STANDARD = gnu11;
				GCC_NO_COMMON_BLOCKS = YES;
				GCC_WARN_64_TO_32_BIT_CONVERSION = YES;
				GCC_WARN_ABOUT_RETURN_TYPE = YES_ERROR;
				GCC_WARN_UNDECLARED_SELECTOR = YES;
				GCC_WARN_UNINITIALIZED_AUTOS = YES_AGGRESSIVE;
				GCC_WARN_UNUSED_FUNCTION = YES;
				GCC_WARN_UNUSED_VARIABLE = YES;
				IPHONEOS_DEPLOYMENT_TARGET = 15.0;
				MTL_ENABLE_DEBUG_INFO = NO;
				MTL_FAST_MATH = YES;
				SDKROOT = iphoneos;
				SWIFT_COMPILATION_MODE = wholemodule;
				SWIFT_OPTIMIZATION_LEVEL = "-O";
				VALIDATE_PRODUCT = YES;
			};
			name = Release;
		};
		60F7B9152789110000BFA84F /* Debug */ = {
			isa = XCBuildConfiguration;
			baseConfigurationReference = 1058A2823469FABE40D13EE9 /* Pods-Instagram.debug.xcconfig */;
			buildSettings = {
				ASSETCATALOG_COMPILER_APPICON_NAME = AppIcon;
				ASSETCATALOG_COMPILER_GLOBAL_ACCENT_COLOR_NAME = AccentColor;
				CODE_SIGN_STYLE = Automatic;
				CURRENT_PROJECT_VERSION = 1;
				DEVELOPMENT_TEAM = 23AJ55ZR25;
				GENERATE_INFOPLIST_FILE = YES;
				INFOPLIST_FILE = Instagram/Info.plist;
				INFOPLIST_KEY_UIApplicationSupportsIndirectInputEvents = YES;
				INFOPLIST_KEY_UILaunchStoryboardName = LaunchScreen;
				INFOPLIST_KEY_UIMainStoryboardFile = Main;
				INFOPLIST_KEY_UISupportedInterfaceOrientations_iPad = "UIInterfaceOrientationPortrait UIInterfaceOrientationPortraitUpsideDown UIInterfaceOrientationLandscapeLeft UIInterfaceOrientationLandscapeRight";
				INFOPLIST_KEY_UISupportedInterfaceOrientations_iPhone = "UIInterfaceOrientationPortrait UIInterfaceOrientationLandscapeLeft UIInterfaceOrientationLandscapeRight";
				LD_RUNPATH_SEARCH_PATHS = (
					"$(inherited)",
					"@executable_path/Frameworks",
				);
				MARKETING_VERSION = 1.0;
				PRODUCT_BUNDLE_IDENTIFIER = com.connerc250.Instagram;
				PRODUCT_NAME = "$(TARGET_NAME)";
				SWIFT_EMIT_LOC_STRINGS = YES;
				SWIFT_VERSION = 5.0;
				TARGETED_DEVICE_FAMILY = "1,2";
			};
			name = Debug;
		};
		60F7B9162789110000BFA84F /* Release */ = {
			isa = XCBuildConfiguration;
			baseConfigurationReference = B9E15A53C2FE74155A2B3BF2 /* Pods-Instagram.release.xcconfig */;
			buildSettings = {
				ASSETCATALOG_COMPILER_APPICON_NAME = AppIcon;
				ASSETCATALOG_COMPILER_GLOBAL_ACCENT_COLOR_NAME = AccentColor;
				CODE_SIGN_STYLE = Automatic;
				CURRENT_PROJECT_VERSION = 1;
				DEVELOPMENT_TEAM = 23AJ55ZR25;
				GENERATE_INFOPLIST_FILE = YES;
				INFOPLIST_FILE = Instagram/Info.plist;
				INFOPLIST_KEY_UIApplicationSupportsIndirectInputEvents = YES;
				INFOPLIST_KEY_UILaunchStoryboardName = LaunchScreen;
				INFOPLIST_KEY_UIMainStoryboardFile = Main;
				INFOPLIST_KEY_UISupportedInterfaceOrientations_iPad = "UIInterfaceOrientationPortrait UIInterfaceOrientationPortraitUpsideDown UIInterfaceOrientationLandscapeLeft UIInterfaceOrientationLandscapeRight";
				INFOPLIST_KEY_UISupportedInterfaceOrientations_iPhone = "UIInterfaceOrientationPortrait UIInterfaceOrientationLandscapeLeft UIInterfaceOrientationLandscapeRight";
				LD_RUNPATH_SEARCH_PATHS = (
					"$(inherited)",
					"@executable_path/Frameworks",
				);
				MARKETING_VERSION = 1.0;
				PRODUCT_BUNDLE_IDENTIFIER = com.connerc250.Instagram;
				PRODUCT_NAME = "$(TARGET_NAME)";
				SWIFT_EMIT_LOC_STRINGS = YES;
				SWIFT_VERSION = 5.0;
				TARGETED_DEVICE_FAMILY = "1,2";
			};
			name = Release;
		};
		60F7B9182789110000BFA84F /* Debug */ = {
			isa = XCBuildConfiguration;
			baseConfigurationReference = 604AFCF4601FDB2B0539543F /* Pods-InstagramTests.debug.xcconfig */;
			buildSettings = {
				ALWAYS_EMBED_SWIFT_STANDARD_LIBRARIES = YES;
				BUNDLE_LOADER = "$(TEST_HOST)";
				CODE_SIGN_STYLE = Automatic;
				CURRENT_PROJECT_VERSION = 1;
				DEVELOPMENT_TEAM = 23AJ55ZR25;
				GENERATE_INFOPLIST_FILE = YES;
				IPHONEOS_DEPLOYMENT_TARGET = 15.0;
				LD_RUNPATH_SEARCH_PATHS = (
					"$(inherited)",
					"@executable_path/Frameworks",
					"@loader_path/Frameworks",
				);
				MARKETING_VERSION = 1.0;
				PRODUCT_BUNDLE_IDENTIFIER = com.connerc250.InstagramTests;
				PRODUCT_NAME = "$(TARGET_NAME)";
				SWIFT_EMIT_LOC_STRINGS = NO;
				SWIFT_VERSION = 5.0;
				TARGETED_DEVICE_FAMILY = "1,2";
				TEST_HOST = "$(BUILT_PRODUCTS_DIR)/Instagram.app/Instagram";
			};
			name = Debug;
		};
		60F7B9192789110000BFA84F /* Release */ = {
			isa = XCBuildConfiguration;
			baseConfigurationReference = 71266617B5D97EC2470B6C62 /* Pods-InstagramTests.release.xcconfig */;
			buildSettings = {
				ALWAYS_EMBED_SWIFT_STANDARD_LIBRARIES = YES;
				BUNDLE_LOADER = "$(TEST_HOST)";
				CODE_SIGN_STYLE = Automatic;
				CURRENT_PROJECT_VERSION = 1;
				DEVELOPMENT_TEAM = 23AJ55ZR25;
				GENERATE_INFOPLIST_FILE = YES;
				IPHONEOS_DEPLOYMENT_TARGET = 15.0;
				LD_RUNPATH_SEARCH_PATHS = (
					"$(inherited)",
					"@executable_path/Frameworks",
					"@loader_path/Frameworks",
				);
				MARKETING_VERSION = 1.0;
				PRODUCT_BUNDLE_IDENTIFIER = com.connerc250.InstagramTests;
				PRODUCT_NAME = "$(TARGET_NAME)";
				SWIFT_EMIT_LOC_STRINGS = NO;
				SWIFT_VERSION = 5.0;
				TARGETED_DEVICE_FAMILY = "1,2";
				TEST_HOST = "$(BUILT_PRODUCTS_DIR)/Instagram.app/Instagram";
			};
			name = Release;
		};
		60F7B91B2789110000BFA84F /* Debug */ = {
			isa = XCBuildConfiguration;
			baseConfigurationReference = D13CF07DDCFF2C24C8A70E48 /* Pods-Instagram-InstagramUITests.debug.xcconfig */;
			buildSettings = {
				ALWAYS_EMBED_SWIFT_STANDARD_LIBRARIES = YES;
				CODE_SIGN_STYLE = Automatic;
				CURRENT_PROJECT_VERSION = 1;
				DEVELOPMENT_TEAM = 23AJ55ZR25;
				GENERATE_INFOPLIST_FILE = YES;
				LD_RUNPATH_SEARCH_PATHS = (
					"$(inherited)",
					"@executable_path/Frameworks",
					"@loader_path/Frameworks",
				);
				MARKETING_VERSION = 1.0;
				PRODUCT_BUNDLE_IDENTIFIER = com.connerc250.InstagramUITests;
				PRODUCT_NAME = "$(TARGET_NAME)";
				SWIFT_EMIT_LOC_STRINGS = NO;
				SWIFT_VERSION = 5.0;
				TARGETED_DEVICE_FAMILY = "1,2";
				TEST_TARGET_NAME = Instagram;
			};
			name = Debug;
		};
		60F7B91C2789110000BFA84F /* Release */ = {
			isa = XCBuildConfiguration;
			baseConfigurationReference = 1D327582110C1B004384A95E /* Pods-Instagram-InstagramUITests.release.xcconfig */;
			buildSettings = {
				ALWAYS_EMBED_SWIFT_STANDARD_LIBRARIES = YES;
				CODE_SIGN_STYLE = Automatic;
				CURRENT_PROJECT_VERSION = 1;
				DEVELOPMENT_TEAM = 23AJ55ZR25;
				GENERATE_INFOPLIST_FILE = YES;
				LD_RUNPATH_SEARCH_PATHS = (
					"$(inherited)",
					"@executable_path/Frameworks",
					"@loader_path/Frameworks",
				);
				MARKETING_VERSION = 1.0;
				PRODUCT_BUNDLE_IDENTIFIER = com.connerc250.InstagramUITests;
				PRODUCT_NAME = "$(TARGET_NAME)";
				SWIFT_EMIT_LOC_STRINGS = NO;
				SWIFT_VERSION = 5.0;
				TARGETED_DEVICE_FAMILY = "1,2";
				TEST_TARGET_NAME = Instagram;
			};
			name = Release;
		};
/* End XCBuildConfiguration section */

/* Begin XCConfigurationList section */
		60F7B8E5278910FE00BFA84F /* Build configuration list for PBXProject "Instagram" */ = {
			isa = XCConfigurationList;
			buildConfigurations = (
				60F7B9122789110000BFA84F /* Debug */,
				60F7B9132789110000BFA84F /* Release */,
			);
			defaultConfigurationIsVisible = 0;
			defaultConfigurationName = Release;
		};
		60F7B9142789110000BFA84F /* Build configuration list for PBXNativeTarget "Instagram" */ = {
			isa = XCConfigurationList;
			buildConfigurations = (
				60F7B9152789110000BFA84F /* Debug */,
				60F7B9162789110000BFA84F /* Release */,
			);
			defaultConfigurationIsVisible = 0;
			defaultConfigurationName = Release;
		};
		60F7B9172789110000BFA84F /* Build configuration list for PBXNativeTarget "InstagramTests" */ = {
			isa = XCConfigurationList;
			buildConfigurations = (
				60F7B9182789110000BFA84F /* Debug */,
				60F7B9192789110000BFA84F /* Release */,
			);
			defaultConfigurationIsVisible = 0;
			defaultConfigurationName = Release;
		};
		60F7B91A2789110000BFA84F /* Build configuration list for PBXNativeTarget "InstagramUITests" */ = {
			isa = XCConfigurationList;
			buildConfigurations = (
				60F7B91B2789110000BFA84F /* Debug */,
				60F7B91C2789110000BFA84F /* Release */,
			);
			defaultConfigurationIsVisible = 0;
			defaultConfigurationName = Release;
		};
/* End XCConfigurationList section */
	};
	rootObject = 60F7B8E2278910FE00BFA84F /* Project object */;
}
